<?xml version="1.0" encoding="utf-8"?>
<Project ToolsVersion="4.0" xmlns="http://schemas.microsoft.com/developer/msbuild/2003">
  <ItemGroup>
    <Filter Include="Main">
      <UniqueIdentifier>{72e81f5c-0a33-4358-a7fe-1e09a53f4675}</UniqueIdentifier>
    </Filter>
  </ItemGroup>
  <ItemGroup>
    <ClCompile Include="..\Main\Main.cpp">
      <Filter>Main</Filter>
    </ClCompile>
    <ClCompile Include="..\Main\Engine.cpp">
      <Filter>Main</Filter>
    </ClCompile>
  </ItemGroup>
  <ItemGroup>
    <ClInclude Include="EngineStd.h" />
    <ClInclude Include="..\Main\Engine.h">
      <Filter>Main</Filter>
    </ClInclude>
  </ItemGroup>
</Project>