<?xml version="1.0" encoding="utf-8"?>
<Project ToolsVersion="4.0" xmlns="http://schemas.microsoft.com/developer/msbuild/2003">
  <ItemGroup>
    <Filter Include="Main">
      <UniqueIdentifier>{bac932db-dc98-4a15-b505-eac20c3f09aa}</UniqueIdentifier>
    </Filter>
    <Filter Include="Others">
      <UniqueIdentifier>{a0fc4f1a-d2f8-4b1d-a347-691c35924c98}</UniqueIdentifier>
    </Filter>
    <Filter Include="UserInterface">
      <UniqueIdentifier>{aec0f142-6a48-4cef-9437-c295f14c06be}</UniqueIdentifier>
    </Filter>
    <Filter Include="Utilities">
      <UniqueIdentifier>{0007a43f-4ac1-404b-a5ad-96f2af239fb6}</UniqueIdentifier>
    </Filter>
    <Filter Include="Memory">
      <UniqueIdentifier>{0a7b5c5e-1076-4d64-b9f8-aa839cc62447}</UniqueIdentifier>
    </Filter>
    <Filter Include="Debugging">
      <UniqueIdentifier>{0d3f9ad9-1c50-4a03-b52b-3d332ca32710}</UniqueIdentifier>
    </Filter>
    <Filter Include="Actors">
      <UniqueIdentifier>{f5a7fbb8-d2b6-4e7b-9fe2-02d1dd055082}</UniqueIdentifier>
    </Filter>
    <Filter Include="Graphics">
      <UniqueIdentifier>{872bd5c0-d545-4723-832a-5b5b18951dae}</UniqueIdentifier>
    </Filter>
    <Filter Include="ResourceCache">
      <UniqueIdentifier>{824d2cd5-53c1-4719-a4fa-c3d973385592}</UniqueIdentifier>
    </Filter>
    <Filter Include="Controller">
      <UniqueIdentifier>{f0f99d63-2930-4a8b-af15-acbd86c23c17}</UniqueIdentifier>
    </Filter>
    <Filter Include="Event">
      <UniqueIdentifier>{0992b2a5-f8ff-4c81-85b0-313847f8ecb2}</UniqueIdentifier>
    </Filter>
    <Filter Include="LuaScripting">
      <UniqueIdentifier>{638e9750-26f8-4e30-b58f-8e5ccd63c7f3}</UniqueIdentifier>
    </Filter>
    <Filter Include="Physics">
      <UniqueIdentifier>{e8800d8b-a1e3-4915-9d94-154edb33e562}</UniqueIdentifier>
    </Filter>
    <Filter Include="MainLoop">
      <UniqueIdentifier>{6c556e95-fcea-4a86-a54f-b96455f9673f}</UniqueIdentifier>
    </Filter>
  </ItemGroup>
  <ItemGroup>
    <ClCompile Include="..\Main\main.cpp">
      <Filter>Main</Filter>
    </ClCompile>
    <ClCompile Include="EngineStd.cpp" />
    <ClCompile Include="..\Main\Engine.cpp">
      <Filter>Main</Filter>
    </ClCompile>
    <ClCompile Include="..\MainLoop\Initialization.cpp">
      <Filter>MainLoop</Filter>
    </ClCompile>
    <ClCompile Include="..\UserInterface\HumanView.cpp">
      <Filter>UserInterface</Filter>
    </ClCompile>
    <ClCompile Include="..\Utilities\Random.cpp">
      <Filter>Utilities</Filter>
    </ClCompile>
    <ClCompile Include="..\Debugging\Logger.cpp">
      <Filter>Debugging</Filter>
    </ClCompile>
    <ClCompile Include="..\Utilities\String.cpp">
      <Filter>Utilities</Filter>
    </ClCompile>
    <ClCompile Include="..\Actors\ActorFactory.cpp">
      <Filter>Actors</Filter>
    </ClCompile>
    <ClCompile Include="..\Actors\Actor.cpp">
      <Filter>Actors</Filter>
    </ClCompile>
    <ClCompile Include="..\Graphics\Geometry.cpp">
      <Filter>Graphics</Filter>
    </ClCompile>
    <ClCompile Include="..\Actors\TransformComponent.cpp">
      <Filter>Actors</Filter>
    </ClCompile>
    <ClCompile Include="..\MainLoop\Process.cpp">
      <Filter>MainLoop</Filter>
    </ClCompile>
    <ClCompile Include="..\MainLoop\ProcessManager.cpp">
      <Filter>MainLoop</Filter>
    </ClCompile>
    <ClCompile Include="..\MainLoop\Timer.cpp">
      <Filter>MainLoop</Filter>
    </ClCompile>
    <ClCompile Include="..\ResourceCache\ZipFile.cpp">
      <Filter>ResourceCache</Filter>
    </ClCompile>
    <ClCompile Include="..\ResourceCache\ResourceCache.cpp">
      <Filter>ResourceCache</Filter>
    </ClCompile>
    <ClCompile Include="..\Utilities\Math.cpp">
      <Filter>Utilities</Filter>
    </ClCompile>
    <ClCompile Include="..\UserInterface\GUIManager.cpp">
      <Filter>UserInterface</Filter>
    </ClCompile>
    <ClCompile Include="..\ResourceCache\XmlResource.cpp">
      <Filter>ResourceCache</Filter>
    </ClCompile>
    <ClCompile Include="..\Graphics\SceneNodes.cpp">
      <Filter>Graphics</Filter>
    </ClCompile>
    <ClCompile Include="..\Graphics\Scene.cpp">
      <Filter>Graphics</Filter>
    </ClCompile>
    <ClCompile Include="..\Event\Events.cpp">
      <Filter>Event</Filter>
    </ClCompile>
    <ClCompile Include="..\Event\EventManager.cpp">
      <Filter>Event</Filter>
    </ClCompile>
    <ClCompile Include="..\LuaScripting\LuaStateManager.cpp">
      <Filter>LuaScripting</Filter>
    </ClCompile>
    <ClCompile Include="..\LuaScripting\ScriptExports.cpp">
      <Filter>LuaScripting</Filter>
    </ClCompile>
    <ClCompile Include="..\LuaScripting\ScriptProcess.cpp">
      <Filter>LuaScripting</Filter>
    </ClCompile>
    <ClCompile Include="..\Graphics\Material.cpp">
      <Filter>Graphics</Filter>
    </ClCompile>
    <ClCompile Include="..\ResourceCache\TextureResource.cpp">
      <Filter>ResourceCache</Filter>
    </ClCompile>
    <ClCompile Include="..\Graphics\Shaders.cpp">
      <Filter>Graphics</Filter>
    </ClCompile>
    <ClCompile Include="..\Graphics\OpenGLRenderer.cpp">
      <Filter>Graphics</Filter>
    </ClCompile>
    <ClCompile Include="..\Actors\RenderComponent.cpp">
      <Filter>Actors</Filter>
    </ClCompile>
    <ClCompile Include="..\ResourceCache\MeshResource.cpp">
      <Filter>ResourceCache</Filter>
    </ClCompile>
    <ClCompile Include="..\Graphics\MeshSceneNode.cpp">
      <Filter>Graphics</Filter>
    </ClCompile>
    <ClCompile Include="..\Graphics\TransformStack.cpp">
      <Filter>Graphics</Filter>
    </ClCompile>
    <ClCompile Include="..\Graphics\Light.cpp">
      <Filter>Graphics</Filter>
    </ClCompile>
    <ClCompile Include="..\Actors\LightRenderComponent.cpp">
      <Filter>Actors</Filter>
    </ClCompile>
    <ClCompile Include="..\Graphics\SkySceneNode.cpp">
      <Filter>Graphics</Filter>
    </ClCompile>
    <ClCompile Include="..\Actors\SkyRenderComponent.cpp">
      <Filter>Actors</Filter>
    </ClCompile>
    <ClCompile Include="..\Physics\Physics.cpp">
      <Filter>Physics</Filter>
    </ClCompile>
    <ClCompile Include="..\Physics\PhysicsDebugDrawer.cpp">
      <Filter>Physics</Filter>
    </ClCompile>
    <ClCompile Include="..\Event\PhysicsEvents.cpp">
      <Filter>Event</Filter>
    </ClCompile>
    <ClCompile Include="..\Event\ScriptEvent.cpp">
      <Filter>Event</Filter>
    </ClCompile>
    <ClCompile Include="..\Event\EventFactory.cpp">
      <Filter>Event</Filter>
    </ClCompile>
    <ClCompile Include="..\Main\BaseEngineLogic.cpp">
      <Filter>Main</Filter>
    </ClCompile>
    <ClCompile Include="..\UserInterface\PromptBox.cpp">
      <Filter>UserInterface</Filter>
    </ClCompile>
    <ClCompile Include="..\UserInterface\UserInterface.cpp">
      <Filter>UserInterface</Filter>
    </ClCompile>
    <ClCompile Include="..\UserInterface\MenuInterface.cpp">
      <Filter>UserInterface</Filter>
    </ClCompile>
    <ClCompile Include="..\Actors\ActorComponentFactory.cpp">
      <Filter>Actors</Filter>
    </ClCompile>
    <ClCompile Include="..\ResourceCache\DevResourceFile.cpp">
      <Filter>ResourceCache</Filter>
    </ClCompile>
    <ClCompile Include="..\Controller\MovementController.cpp">
      <Filter>Controller</Filter>
    </ClCompile>
    <ClCompile Include="..\Controller\EditorController.cpp">
      <Filter>Controller</Filter>
    </ClCompile>
    <ClCompile Include="..\Controller\Controller.cpp">
      <Filter>Controller</Filter>
    </ClCompile>
    <ClCompile Include="..\Utilities\XMLHelper.cpp">
      <Filter>Utilities</Filter>
    </ClCompile>
    <ClCompile Include="..\Graphics\Raycast.cpp">
      <Filter>Graphics</Filter>
    </ClCompile>
  </ItemGroup>
  <ItemGroup>
    <ClInclude Include="EngineStd.h" />
    <ClInclude Include="..\Main\Engine.h">
      <Filter>Main</Filter>
    </ClInclude>
    <ClInclude Include="..\MainLoop\Initialization.h">
      <Filter>MainLoop</Filter>
    </ClInclude>
    <ClInclude Include="..\Main\Interfaces.h">
      <Filter>Main</Filter>
    </ClInclude>
    <ClInclude Include="..\UserInterface\HumanView.h">
      <Filter>UserInterface</Filter>
    </ClInclude>
    <ClInclude Include="..\Utilities\Math.h">
      <Filter>Utilities</Filter>
    </ClInclude>
    <ClInclude Include="..\Memory\MemoryPool.h">
      <Filter>Memory</Filter>
    </ClInclude>
    <ClInclude Include="..\Debugging\Logger.h">
      <Filter>Debugging</Filter>
    </ClInclude>
    <ClInclude Include="..\Utilities\String.h">
      <Filter>Utilities</Filter>
    </ClInclude>
    <ClInclude Include="..\Multicore\CriticalSection.h" />
    <ClInclude Include="..\Utilities\Types.h">
      <Filter>Utilities</Filter>
    </ClInclude>
    <ClInclude Include="..\Actors\ActorFactory.h">
      <Filter>Actors</Filter>
    </ClInclude>
    <ClInclude Include="..\Utilities\templates.h">
      <Filter>Utilities</Filter>
    </ClInclude>
    <ClInclude Include="..\Actors\ActorComponent.h">
      <Filter>Actors</Filter>
    </ClInclude>
    <ClInclude Include="..\Actors\Actor.h">
      <Filter>Actors</Filter>
    </ClInclude>
    <ClInclude Include="..\Actors\TransformComponent.h">
      <Filter>Actors</Filter>
    </ClInclude>
    <ClInclude Include="..\Graphics\Geometry.h">
      <Filter>Graphics</Filter>
    </ClInclude>
    <ClInclude Include="..\MainLoop\Process.h">
      <Filter>MainLoop</Filter>
    </ClInclude>
    <ClInclude Include="..\MainLoop\ProcessManager.h">
      <Filter>MainLoop</Filter>
    </ClInclude>
    <ClInclude Include="..\MainLoop\Timer.h">
      <Filter>MainLoop</Filter>
    </ClInclude>
    <ClInclude Include="..\ResourceCache\ZipFile.h">
      <Filter>ResourceCache</Filter>
    </ClInclude>
    <ClInclude Include="..\ResourceCache\ResourceCache.h">
      <Filter>ResourceCache</Filter>
    </ClInclude>
    <ClInclude Include="..\UserInterface\GUIManager.h">
      <Filter>UserInterface</Filter>
    </ClInclude>
    <ClInclude Include="..\ResourceCache\XmlResource.h">
      <Filter>ResourceCache</Filter>
    </ClInclude>
    <ClInclude Include="..\Graphics\SceneNodes.h">
      <Filter>Graphics</Filter>
    </ClInclude>
    <ClInclude Include="..\Graphics\Scene.h">
      <Filter>Graphics</Filter>
    </ClInclude>
    <ClInclude Include="..\Event\Events.h">
      <Filter>Event</Filter>
    </ClInclude>
    <ClInclude Include="..\Event\EventManager.h">
      <Filter>Event</Filter>
    </ClInclude>
    <ClInclude Include="..\LuaScripting\LuaStateManager.h">
      <Filter>LuaScripting</Filter>
    </ClInclude>
    <ClInclude Include="..\LuaScripting\ScriptExports.h">
      <Filter>LuaScripting</Filter>
    </ClInclude>
    <ClInclude Include="..\LuaScripting\ScriptProcess.h">
      <Filter>LuaScripting</Filter>
    </ClInclude>
    <ClInclude Include="..\Graphics\Material.h">
      <Filter>Graphics</Filter>
    </ClInclude>
    <ClInclude Include="..\ResourceCache\TextureResource.h">
      <Filter>ResourceCache</Filter>
    </ClInclude>
    <ClInclude Include="..\Graphics\Shaders.h">
      <Filter>Graphics</Filter>
    </ClInclude>
    <ClInclude Include="..\Graphics\OpenGLRenderer.h">
      <Filter>Graphics</Filter>
    </ClInclude>
    <ClInclude Include="..\Actors\RenderComponent.h">
      <Filter>Actors</Filter>
    </ClInclude>
    <ClInclude Include="..\ResourceCache\MeshResource.h">
      <Filter>ResourceCache</Filter>
    </ClInclude>
    <ClInclude Include="..\Graphics\MeshSceneNode.h">
      <Filter>Graphics</Filter>
    </ClInclude>
    <ClInclude Include="..\Graphics\TransformStack.h">
      <Filter>Graphics</Filter>
    </ClInclude>
    <ClInclude Include="..\Graphics\Light.h">
      <Filter>Graphics</Filter>
    </ClInclude>
    <ClInclude Include="..\Actors\LightRenderComponent.h">
      <Filter>Actors</Filter>
    </ClInclude>
    <ClInclude Include="..\Graphics\SkySceneNode.h">
      <Filter>Graphics</Filter>
    </ClInclude>
    <ClInclude Include="..\Actors\SkyRenderComponent.h">
      <Filter>Actors</Filter>
    </ClInclude>
    <ClInclude Include="..\Physics\Physics.h">
      <Filter>Physics</Filter>
    </ClInclude>
    <ClInclude Include="..\Physics\PhysicsDebugDrawer.h">
      <Filter>Physics</Filter>
    </ClInclude>
    <ClInclude Include="..\Event\PhysicsEvents.h">
      <Filter>Event</Filter>
    </ClInclude>
    <ClInclude Include="..\Event\ScriptEvent.h">
      <Filter>Event</Filter>
    </ClInclude>
    <ClInclude Include="..\Event\EventFactory.h">
      <Filter>Event</Filter>
    </ClInclude>
    <ClInclude Include="..\Main\BaseEngineLogic.h">
      <Filter>Main</Filter>
    </ClInclude>
    <ClInclude Include="..\UserInterface\PromptBox.h">
      <Filter>UserInterface</Filter>
    </ClInclude>
    <ClInclude Include="..\UserInterface\UserInterface.h">
      <Filter>UserInterface</Filter>
    </ClInclude>
    <ClInclude Include="..\UserInterface\MenuInterface.h">
      <Filter>UserInterface</Filter>
    </ClInclude>
    <ClInclude Include="..\Actors\ActorComponentFactory.h">
      <Filter>Actors</Filter>
    </ClInclude>
    <ClInclude Include="..\ResourceCache\DevResourceFile.h">
      <Filter>ResourceCache</Filter>
    </ClInclude>
    <ClInclude Include="..\Controller\MovementController.h">
      <Filter>Controller</Filter>
    </ClInclude>
    <ClInclude Include="..\Controller\EditorController.h">
      <Filter>Controller</Filter>
    </ClInclude>
    <ClInclude Include="..\Controller\Controller.h">
      <Filter>Controller</Filter>
    </ClInclude>
    <ClInclude Include="..\Utilities\XMLHelper.h">
      <Filter>Utilities</Filter>
    </ClInclude>
    <ClInclude Include="..\Graphics\Raycast.h">
      <Filter>Graphics</Filter>
    </ClInclude>
  </ItemGroup>
</Project>