
Microsoft Visual Studio Solution File, Format Version 12.00
# Visual Studio 2013
VisualStudioVersion = 12.0.40629.0
MinimumVisualStudioVersion = 10.0.40219.1
Project("{8BC9CEB8-8B4A-11D0-8D11-00A0C91BC942}") = "Engine", "Engine.vcxproj", "{07BF4ACF-00EF-4486-8AF0-E821FE0FA858}"
EndProject
Project("{FAE04EC0-301F-11D3-BF4B-00C04F79EFBC}") = "LevelEditorApp", "..\..\LevelEditor\LevelEditorApp\LevelEditorApp.csproj", "{D52CD47A-A891-4695-A268-C80D82DEDD5C}"
	ProjectSection(ProjectDependencies) = postProject
		{21538942-8FE9-45FC-9B57-8F36169181F2} = {21538942-8FE9-45FC-9B57-8F36169181F2}
	EndProjectSection
EndProject
Project("{8BC9CEB8-8B4A-11D0-8D11-00A0C91BC942}") = "EditorDLL", "..\..\LevelEditor\Msvc\EditorDLL.vcxproj", "{21538942-8FE9-45FC-9B57-8F36169181F2}"
	ProjectSection(ProjectDependencies) = postProject
		{07BF4ACF-00EF-4486-8AF0-E821FE0FA858} = {07BF4ACF-00EF-4486-8AF0-E821FE0FA858}
	EndProjectSection
EndProject
Project("{8BC9CEB8-8B4A-11D0-8D11-00A0C91BC942}") = "Game", "..\..\Game\MSVC\Game.vcxproj", "{6D28666C-54E2-4832-9A97-08AA64153331}"
EndProject
Global
	GlobalSection(SolutionConfigurationPlatforms) = preSolution
		Debug|Any CPU = Debug|Any CPU
		Debug|Mixed Platforms = Debug|Mixed Platforms
		Debug|Win32 = Debug|Win32
		Release|Any CPU = Release|Any CPU
		Release|Mixed Platforms = Release|Mixed Platforms
		Release|Win32 = Release|Win32
	EndGlobalSection
	GlobalSection(ProjectConfigurationPlatforms) = postSolution
		{07BF4ACF-00EF-4486-8AF0-E821FE0FA858}.Debug|Any CPU.ActiveCfg = Debug|Win32
		{07BF4ACF-00EF-4486-8AF0-E821FE0FA858}.Debug|Mixed Platforms.ActiveCfg = Debug|Win32
		{07BF4ACF-00EF-4486-8AF0-E821FE0FA858}.Debug|Mixed Platforms.Build.0 = Debug|Win32
		{07BF4ACF-00EF-4486-8AF0-E821FE0FA858}.Debug|Win32.ActiveCfg = Debug|Win32
		{07BF4ACF-00EF-4486-8AF0-E821FE0FA858}.Debug|Win32.Build.0 = Debug|Win32
		{07BF4ACF-00EF-4486-8AF0-E821FE0FA858}.Release|Any CPU.ActiveCfg = Release|Win32
		{07BF4ACF-00EF-4486-8AF0-E821FE0FA858}.Release|Mixed Platforms.ActiveCfg = Release|Win32
		{07BF4ACF-00EF-4486-8AF0-E821FE0FA858}.Release|Mixed Platforms.Build.0 = Release|Win32
		{07BF4ACF-00EF-4486-8AF0-E821FE0FA858}.Release|Win32.ActiveCfg = Release|Win32
		{07BF4ACF-00EF-4486-8AF0-E821FE0FA858}.Release|Win32.Build.0 = Release|Win32
		{D52CD47A-A891-4695-A268-C80D82DEDD5C}.Debug|Any CPU.ActiveCfg = Debug|Any CPU
		{D52CD47A-A891-4695-A268-C80D82DEDD5C}.Debug|Any CPU.Build.0 = Debug|Any CPU
		{D52CD47A-A891-4695-A268-C80D82DEDD5C}.Debug|Mixed Platforms.ActiveCfg = Debug|Any CPU
		{D52CD47A-A891-4695-A268-C80D82DEDD5C}.Debug|Mixed Platforms.Build.0 = Debug|Any CPU
		{D52CD47A-A891-4695-A268-C80D82DEDD5C}.Debug|Win32.ActiveCfg = Debug|Any CPU
		{D52CD47A-A891-4695-A268-C80D82DEDD5C}.Debug|Win32.Build.0 = Debug|Any CPU
		{D52CD47A-A891-4695-A268-C80D82DEDD5C}.Release|Any CPU.ActiveCfg = Release|Any CPU
		{D52CD47A-A891-4695-A268-C80D82DEDD5C}.Release|Any CPU.Build.0 = Release|Any CPU
		{D52CD47A-A891-4695-A268-C80D82DEDD5C}.Release|Mixed Platforms.ActiveCfg = Release|Any CPU
		{D52CD47A-A891-4695-A268-C80D82DEDD5C}.Release|Mixed Platforms.Build.0 = Release|Any CPU
		{D52CD47A-A891-4695-A268-C80D82DEDD5C}.Release|Win32.ActiveCfg = Release|Any CPU
		{21538942-8FE9-45FC-9B57-8F36169181F2}.Debug|Any CPU.ActiveCfg = Debug|Win32
		{21538942-8FE9-45FC-9B57-8F36169181F2}.Debug|Mixed Platforms.ActiveCfg = Debug|Win32
		{21538942-8FE9-45FC-9B57-8F36169181F2}.Debug|Mixed Platforms.Build.0 = Debug|Win32
		{21538942-8FE9-45FC-9B57-8F36169181F2}.Debug|Win32.ActiveCfg = Debug|Win32
		{21538942-8FE9-45FC-9B57-8F36169181F2}.Debug|Win32.Build.0 = Debug|Win32
		{21538942-8FE9-45FC-9B57-8F36169181F2}.Release|Any CPU.ActiveCfg = Release|Win32
		{21538942-8FE9-45FC-9B57-8F36169181F2}.Release|Mixed Platforms.ActiveCfg = Release|Win32
		{21538942-8FE9-45FC-9B57-8F36169181F2}.Release|Mixed Platforms.Build.0 = Release|Win32
		{21538942-8FE9-45FC-9B57-8F36169181F2}.Release|Win32.ActiveCfg = Release|Win32
		{21538942-8FE9-45FC-9B57-8F36169181F2}.Release|Win32.Build.0 = Release|Win32
		{6D28666C-54E2-4832-9A97-08AA64153331}.Debug|Any CPU.ActiveCfg = Debug|Win32
		{6D28666C-54E2-4832-9A97-08AA64153331}.Debug|Mixed Platforms.ActiveCfg = Debug|Win32
		{6D28666C-54E2-4832-9A97-08AA64153331}.Debug|Mixed Platforms.Build.0 = Debug|Win32
		{6D28666C-54E2-4832-9A97-08AA64153331}.Debug|Win32.ActiveCfg = Debug|Win32
		{6D28666C-54E2-4832-9A97-08AA64153331}.Debug|Win32.Build.0 = Debug|Win32
		{6D28666C-54E2-4832-9A97-08AA64153331}.Release|Any CPU.ActiveCfg = Release|Win32
		{6D28666C-54E2-4832-9A97-08AA64153331}.Release|Mixed Platforms.ActiveCfg = Release|Win32
		{6D28666C-54E2-4832-9A97-08AA64153331}.Release|Mixed Platforms.Build.0 = Release|Win32
		{6D28666C-54E2-4832-9A97-08AA64153331}.Release|Win32.ActiveCfg = Release|Win32
		{6D28666C-54E2-4832-9A97-08AA64153331}.Release|Win32.Build.0 = Release|Win32
	EndGlobalSection
	GlobalSection(SolutionProperties) = preSolution
		HideSolutionNode = FALSE
	EndGlobalSection
EndGlobal
